dependencies:
- name: gha-runner-scale-set-controller
  repository: oci://ghcr.io/actions/actions-runner-controller-charts
  version: 0.9.3
- name: gha-runner-scale-set
  repository: oci://ghcr.io/actions/actions-runner-controller-charts
  version: 0.9.3
- name: gha-runner-scale-set
  repository: oci://ghcr.io/actions/actions-runner-controller-charts
  version: 0.9.3
- name: github-actions-cache-server
  repository: ""
  version: 1.0.0
- name: zot
  repository: https://zotregistry.dev/helm-charts
  version: 0.1.98
digest: sha256:aac6e61d899a14feba90477d12e757dcbefdd31a849ea23c64d99c49bbd6a1a6
generated: "2026-03-03T11:37:10.853008+01:00"
